
Microsoft Visual Studio Solution File, Format Version 12.00
# Visual Studio Version 17
VisualStudioVersion = 17.2.32516.85
MinimumVisualStudioVersion = 10.0.40219.1
Project("{FAE04EC0-301F-11D3-BF4B-00C04F79EFBC}") = "NETCORE24_LESSON02", "NETCORE24_LESSON02\NETCORE24_LESSON02.csproj", "{86475339-55C7-494E-8050-0CC4D6E29609}"
EndProject
Project("{FAE04EC0-301F-11D3-BF4B-00C04F79EFBC}") = "NETCORE24_LESSON2_LAB", "NETCORE24_LESSON2_LAB\NETCORE24_LESSON2_LAB.csproj", "{526F1A1F-BBBB-4497-AB4D-6718B317AAD5}"
EndProject
Global
	GlobalSection(SolutionConfigurationPlatforms) = preSolution
		Debug|Any CPU = Debug|Any CPU
		Release|Any CPU = Release|Any CPU
	EndGlobalSection
	GlobalSection(ProjectConfigurationPlatforms) = postSolution
		{86475339-55C7-494E-8050-0CC4D6E29609}.Debug|Any CPU.ActiveCfg = Debug|Any CPU
		{86475339-55C7-494E-8050-0CC4D6E29609}.Debug|Any CPU.Build.0 = Debug|Any CPU
		{86475339-55C7-494E-8050-0CC4D6E29609}.Release|Any CPU.ActiveCfg = Release|Any CPU
		{86475339-55C7-494E-8050-0CC4D6E29609}.Release|Any CPU.Build.0 = Release|Any CPU
		{526F1A1F-BBBB-4497-AB4D-6718B317AAD5}.Debug|Any CPU.ActiveCfg = Debug|Any CPU
		{526F1A1F-BBBB-4497-AB4D-6718B317AAD5}.Debug|Any CPU.Build.0 = Debug|Any CPU
		{526F1A1F-BBBB-4497-AB4D-6718B317AAD5}.Release|Any CPU.ActiveCfg = Release|Any CPU
		{526F1A1F-BBBB-4497-AB4D-6718B317AAD5}.Release|Any CPU.Build.0 = Release|Any CPU
	EndGlobalSection
	GlobalSection(SolutionProperties) = preSolution
		HideSolutionNode = FALSE
	EndGlobalSection
	GlobalSection(ExtensibilityGlobals) = postSolution
		SolutionGuid = {9C1FD67A-22B0-414A-B937-E34F2B0332C1}
	EndGlobalSection
EndGlobal
